
Microsoft Visual Studio Solution File, Format Version 12.00
# Visual Studio Version 17
VisualStudioVersion = 17.7.34031.279
MinimumVisualStudioVersion = 10.0.40219.1
Project("{FAE04EC0-301F-11D3-BF4B-00C04F79EFBC}") = "Serialization_Demo", "Serialization_Demo\Serialization_Demo.csproj", "{5D2BD049-E866-4FF3-93C4-5B783421B5B0}"
EndProject
Global
	GlobalSection(SolutionConfigurationPlatforms) = preSolution
		Debug|Any CPU = Debug|Any CPU
		Release|Any CPU = Release|Any CPU
	EndGlobalSection
	GlobalSection(ProjectConfigurationPlatforms) = postSolution
		{5D2BD049-E866-4FF3-93C4-5B783421B5B0}.Debug|Any CPU.ActiveCfg = Debug|Any CPU
		{5D2BD049-E866-4FF3-93C4-5B783421B5B0}.Debug|Any CPU.Build.0 = Debug|Any CPU
		{5D2BD049-E866-4FF3-93C4-5B783421B5B0}.Release|Any CPU.ActiveCfg = Release|Any CPU
		{5D2BD049-E866-4FF3-93C4-5B783421B5B0}.Release|Any CPU.Build.0 = Release|Any CPU
	EndGlobalSection
	GlobalSection(SolutionProperties) = preSolution
		HideSolutionNode = FALSE
	EndGlobalSection
	GlobalSection(ExtensibilityGlobals) = postSolution
		SolutionGuid = {5E9E1291-77B4-4F8A-9E9E-BBBE81C87E84}
	EndGlobalSection
EndGlobal
